// !$*UTF8*$!
{
	archiveVersion = 1;
	classes = {
	};
	objectVersion = 56;
	objects = {

/* Begin PBXBuildFile section */
		744F77772B2AFD9E0077ECCF /* LaunchListViewController.swift in Sources */ = {isa = PBXBuildFile; fileRef = 744F77762B2AFD9E0077ECCF /* LaunchListViewController.swift */; };
		745205332B1DDAD300464DE0 /* RocketResponseTests.swift in Sources */ = {isa = PBXBuildFile; fileRef = 745205322B1DDAD300464DE0 /* RocketResponseTests.swift */; };
		745205362B1E259100464DE0 /* NetworkError.swift in Sources */ = {isa = PBXBuildFile; fileRef = 745205342B1DE07900464DE0 /* NetworkError.swift */; };
		746A81782B1A2046008BC095 /* LaunchServiceProviderResponseTests.swift in Sources */ = {isa = PBXBuildFile; fileRef = 746A81772B1A2046008BC095 /* LaunchServiceProviderResponseTests.swift */; };
		746C1F322B10F89000FA9612 /* LaunchListResponse.swift in Sources */ = {isa = PBXBuildFile; fileRef = 746C1F312B10F89000FA9612 /* LaunchListResponse.swift */; };
		746C1F342B10F8BA00FA9612 /* LaunchResponse.swift in Sources */ = {isa = PBXBuildFile; fileRef = 746C1F332B10F8BA00FA9612 /* LaunchResponse.swift */; };
		746C1F362B10F93F00FA9612 /* LaunchStatusResponse.swift in Sources */ = {isa = PBXBuildFile; fileRef = 746C1F352B10F93F00FA9612 /* LaunchStatusResponse.swift */; };
		746C1F382B10F97500FA9612 /* LaunchServiceProviderResponse.swift in Sources */ = {isa = PBXBuildFile; fileRef = 746C1F372B10F97500FA9612 /* LaunchServiceProviderResponse.swift */; };
		746C1F3A2B10F99000FA9612 /* RocketResponse.swift in Sources */ = {isa = PBXBuildFile; fileRef = 746C1F392B10F99000FA9612 /* RocketResponse.swift */; };
		746C1F3C2B10F9AD00FA9612 /* RocketConfigurationResponse.swift in Sources */ = {isa = PBXBuildFile; fileRef = 746C1F3B2B10F9AD00FA9612 /* RocketConfigurationResponse.swift */; };
		746C1F3E2B10F9D500FA9612 /* MissionResponse.swift in Sources */ = {isa = PBXBuildFile; fileRef = 746C1F3D2B10F9D500FA9612 /* MissionResponse.swift */; };
		746C1F402B10F9F600FA9612 /* OrbitResponse.swift in Sources */ = {isa = PBXBuildFile; fileRef = 746C1F3F2B10F9F600FA9612 /* OrbitResponse.swift */; };
		746C1F422B10FA1C00FA9612 /* AgencyResponse.swift in Sources */ = {isa = PBXBuildFile; fileRef = 746C1F412B10FA1C00FA9612 /* AgencyResponse.swift */; };
		746C1F442B10FA3700FA9612 /* PadResponse.swift in Sources */ = {isa = PBXBuildFile; fileRef = 746C1F432B10FA3700FA9612 /* PadResponse.swift */; };
		746C1F462B10FA5600FA9612 /* LocationResponse.swift in Sources */ = {isa = PBXBuildFile; fileRef = 746C1F452B10FA5600FA9612 /* LocationResponse.swift */; };
		7474E0182B0CA804008AA32B /* AppDelegate.swift in Sources */ = {isa = PBXBuildFile; fileRef = 7474E0172B0CA804008AA32B /* AppDelegate.swift */; };
		7474E01A2B0CA804008AA32B /* SceneDelegate.swift in Sources */ = {isa = PBXBuildFile; fileRef = 7474E0192B0CA804008AA32B /* SceneDelegate.swift */; };
		7474E0212B0CA805008AA32B /* Assets.xcassets in Resources */ = {isa = PBXBuildFile; fileRef = 7474E0202B0CA805008AA32B /* Assets.xcassets */; };
		7474E0242B0CA805008AA32B /* LaunchScreen.storyboard in Resources */ = {isa = PBXBuildFile; fileRef = 7474E0222B0CA805008AA32B /* LaunchScreen.storyboard */; };
		7489E46C2B21DA3E00DCED7D /* LaunchService.swift in Sources */ = {isa = PBXBuildFile; fileRef = 7489E46B2B21DA3E00DCED7D /* LaunchService.swift */; };
		7489E46E2B21DA9200DCED7D /* LaunchLibrary2Service.swift in Sources */ = {isa = PBXBuildFile; fileRef = 7489E46D2B21DA9200DCED7D /* LaunchLibrary2Service.swift */; };
		7489E4702B21E0CB00DCED7D /* MissionResponseTests.swift in Sources */ = {isa = PBXBuildFile; fileRef = 7489E46F2B21E0CB00DCED7D /* MissionResponseTests.swift */; };
		748C9A9B2B28A68E001C8E28 /* AgencyResponseTests.swift in Sources */ = {isa = PBXBuildFile; fileRef = 748C9A9A2B28A68E001C8E28 /* AgencyResponseTests.swift */; };
		74A552542B1FB960002E4474 /* RocketConfigurationResponseTests.swift in Sources */ = {isa = PBXBuildFile; fileRef = 74A552532B1FB960002E4474 /* RocketConfigurationResponseTests.swift */; };
		74A552592B208292002E4474 /* NetworkService.swift in Sources */ = {isa = PBXBuildFile; fileRef = 74A552582B208292002E4474 /* NetworkService.swift */; };
		74A5525D2B2082F8002E4474 /* MockNetworkService.swift in Sources */ = {isa = PBXBuildFile; fileRef = 74A5525C2B2082F8002E4474 /* MockNetworkService.swift */; };
		74A5525F2B20833B002E4474 /* MockAPI.swift in Sources */ = {isa = PBXBuildFile; fileRef = 74A5525E2B20833B002E4474 /* MockAPI.swift */; };
		74A552612B20835E002E4474 /* MockResponseData.swift in Sources */ = {isa = PBXBuildFile; fileRef = 74A552602B20835E002E4474 /* MockResponseData.swift */; };
		74A552632B20862F002E4474 /* NetworkServiceTests.swift in Sources */ = {isa = PBXBuildFile; fileRef = 74A552622B20862F002E4474 /* NetworkServiceTests.swift */; };
		74D2E9872B29D33F0006E3FD /* GetLaunchListUseCase.swift in Sources */ = {isa = PBXBuildFile; fileRef = 74D2E9862B29D33F0006E3FD /* GetLaunchListUseCase.swift */; };
		74D2E98C2B29D4E80006E3FD /* MockLaunchService.swift in Sources */ = {isa = PBXBuildFile; fileRef = 74D2E98B2B29D4E80006E3FD /* MockLaunchService.swift */; };
		74D2E98F2B29D6BB0006E3FD /* GetLaunchListUseCaseTests.swift in Sources */ = {isa = PBXBuildFile; fileRef = 74D2E98E2B29D6BB0006E3FD /* GetLaunchListUseCaseTests.swift */; };
		74D5128E2B160E8500126E9E /* LaunchListResponseTests.swift in Sources */ = {isa = PBXBuildFile; fileRef = 74D5128D2B160E8500126E9E /* LaunchListResponseTests.swift */; };
		74ED9D2A2B173701000BF024 /* LaunchResponseTests.swift in Sources */ = {isa = PBXBuildFile; fileRef = 74ED9D292B173701000BF024 /* LaunchResponseTests.swift */; };
		74ED9D322B175C8B000BF024 /* LaunchListMode.swift in Sources */ = {isa = PBXBuildFile; fileRef = 74ED9D312B175C8B000BF024 /* LaunchListMode.swift */; };
		74ED9D342B175CBA000BF024 /* LaunchListNetworkType.swift in Sources */ = {isa = PBXBuildFile; fileRef = 74ED9D332B175CBA000BF024 /* LaunchListNetworkType.swift */; };
		74ED9D362B175CF0000BF024 /* GetLaunchListRequestParameters.swift in Sources */ = {isa = PBXBuildFile; fileRef = 74ED9D352B175CF0000BF024 /* GetLaunchListRequestParameters.swift */; };
		74ED9D382B175D23000BF024 /* LaunchLibrary2API.swift in Sources */ = {isa = PBXBuildFile; fileRef = 74ED9D372B175D23000BF024 /* LaunchLibrary2API.swift */; };
		74ED9D3A2B17613A000BF024 /* Credentials.swift in Sources */ = {isa = PBXBuildFile; fileRef = 74ED9D392B17613A000BF024 /* Credentials.swift */; };
		74ED9D3D2B1896F6000BF024 /* LaunchStatusResponseTests.swift in Sources */ = {isa = PBXBuildFile; fileRef = 74ED9D3C2B1896F6000BF024 /* LaunchStatusResponseTests.swift */; };
		74FDFF452B23386800784E2C /* LaunchListItem.swift in Sources */ = {isa = PBXBuildFile; fileRef = 74FDFF442B23386800784E2C /* LaunchListItem.swift */; };
		74FDFF472B23388600784E2C /* LaunchListDisplayType.swift in Sources */ = {isa = PBXBuildFile; fileRef = 74FDFF462B23388600784E2C /* LaunchListDisplayType.swift */; };
		74FDFF4A2B233A2400784E2C /* DateTimeFormatter.swift in Sources */ = {isa = PBXBuildFile; fileRef = 74FDFF492B233A2400784E2C /* DateTimeFormatter.swift */; };
		74FDFF4E2B233B0300784E2C /* DateTimeFormatterTests.swift in Sources */ = {isa = PBXBuildFile; fileRef = 74FDFF4D2B233B0200784E2C /* DateTimeFormatterTests.swift */; };
		74FDFF502B270A4500784E2C /* OrbitResponseTests.swift in Sources */ = {isa = PBXBuildFile; fileRef = 74FDFF4F2B270A4500784E2C /* OrbitResponseTests.swift */; };
		74FDFF542B27132100784E2C /* UseCase.swift in Sources */ = {isa = PBXBuildFile; fileRef = 74FDFF532B27132100784E2C /* UseCase.swift */; };
		798567B008C9CBE1E29A88D2 /* Pods_SpaceLaunchesTests.framework in Frameworks */ = {isa = PBXBuildFile; fileRef = D15CF949E535A7D7C62C641A /* Pods_SpaceLaunchesTests.framework */; };
		B530CE68AA903395293F85C0 /* Pods_SpaceLaunches.framework in Frameworks */ = {isa = PBXBuildFile; fileRef = 593C047467B9CBB825EE2664 /* Pods_SpaceLaunches.framework */; };
/* End PBXBuildFile section */

/* Begin PBXContainerItemProxy section */
		74D512822B1604E000126E9E /* PBXContainerItemProxy */ = {
			isa = PBXContainerItemProxy;
			containerPortal = 7474E00C2B0CA803008AA32B /* Project object */;
			proxyType = 1;
			remoteGlobalIDString = 7474E0132B0CA804008AA32B;
			remoteInfo = SpaceLaunches;
		};
/* End PBXContainerItemProxy section */

/* Begin PBXFileReference section */
		08779CBD9F2056641E2FF042 /* Pods-SpaceLaunchesTests.debug.xcconfig */ = {isa = PBXFileReference; includeInIndex = 1; lastKnownFileType = text.xcconfig; name = "Pods-SpaceLaunchesTests.debug.xcconfig"; path = "Target Support Files/Pods-SpaceLaunchesTests/Pods-SpaceLaunchesTests.debug.xcconfig"; sourceTree = "<group>"; };
		208D79752BB5E4BA155BB8E5 /* Pods-SpaceLaunches.debug.xcconfig */ = {isa = PBXFileReference; includeInIndex = 1; lastKnownFileType = text.xcconfig; name = "Pods-SpaceLaunches.debug.xcconfig"; path = "Target Support Files/Pods-SpaceLaunches/Pods-SpaceLaunches.debug.xcconfig"; sourceTree = "<group>"; };
		593C047467B9CBB825EE2664 /* Pods_SpaceLaunches.framework */ = {isa = PBXFileReference; explicitFileType = wrapper.framework; includeInIndex = 0; path = Pods_SpaceLaunches.framework; sourceTree = BUILT_PRODUCTS_DIR; };
		658D6344A47DA3F975424A99 /* Pods-SpaceLaunches.release.xcconfig */ = {isa = PBXFileReference; includeInIndex = 1; lastKnownFileType = text.xcconfig; name = "Pods-SpaceLaunches.release.xcconfig"; path = "Target Support Files/Pods-SpaceLaunches/Pods-SpaceLaunches.release.xcconfig"; sourceTree = "<group>"; };
		6747844BA8F22DCD84358180 /* Pods-SpaceLaunchesTests.release.xcconfig */ = {isa = PBXFileReference; includeInIndex = 1; lastKnownFileType = text.xcconfig; name = "Pods-SpaceLaunchesTests.release.xcconfig"; path = "Target Support Files/Pods-SpaceLaunchesTests/Pods-SpaceLaunchesTests.release.xcconfig"; sourceTree = "<group>"; };
		744F77762B2AFD9E0077ECCF /* LaunchListViewController.swift */ = {isa = PBXFileReference; lastKnownFileType = sourcecode.swift; path = LaunchListViewController.swift; sourceTree = "<group>"; };
		745205322B1DDAD300464DE0 /* RocketResponseTests.swift */ = {isa = PBXFileReference; lastKnownFileType = sourcecode.swift; path = RocketResponseTests.swift; sourceTree = "<group>"; };
		745205342B1DE07900464DE0 /* NetworkError.swift */ = {isa = PBXFileReference; lastKnownFileType = sourcecode.swift; path = NetworkError.swift; sourceTree = "<group>"; };
		746A81772B1A2046008BC095 /* LaunchServiceProviderResponseTests.swift */ = {isa = PBXFileReference; lastKnownFileType = sourcecode.swift; path = LaunchServiceProviderResponseTests.swift; sourceTree = "<group>"; };
		746C1F312B10F89000FA9612 /* LaunchListResponse.swift */ = {isa = PBXFileReference; fileEncoding = 4; lastKnownFileType = sourcecode.swift; path = LaunchListResponse.swift; sourceTree = "<group>"; };
		746C1F332B10F8BA00FA9612 /* LaunchResponse.swift */ = {isa = PBXFileReference; fileEncoding = 4; lastKnownFileType = sourcecode.swift; path = LaunchResponse.swift; sourceTree = "<group>"; };
		746C1F352B10F93F00FA9612 /* LaunchStatusResponse.swift */ = {isa = PBXFileReference; fileEncoding = 4; lastKnownFileType = sourcecode.swift; path = LaunchStatusResponse.swift; sourceTree = "<group>"; };
		746C1F372B10F97500FA9612 /* LaunchServiceProviderResponse.swift */ = {isa = PBXFileReference; fileEncoding = 4; lastKnownFileType = sourcecode.swift; path = LaunchServiceProviderResponse.swift; sourceTree = "<group>"; };
		746C1F392B10F99000FA9612 /* RocketResponse.swift */ = {isa = PBXFileReference; fileEncoding = 4; lastKnownFileType = sourcecode.swift; path = RocketResponse.swift; sourceTree = "<group>"; };
		746C1F3B2B10F9AD00FA9612 /* RocketConfigurationResponse.swift */ = {isa = PBXFileReference; fileEncoding = 4; lastKnownFileType = sourcecode.swift; path = RocketConfigurationResponse.swift; sourceTree = "<group>"; };
		746C1F3D2B10F9D500FA9612 /* MissionResponse.swift */ = {isa = PBXFileReference; fileEncoding = 4; lastKnownFileType = sourcecode.swift; path = MissionResponse.swift; sourceTree = "<group>"; };
		746C1F3F2B10F9F600FA9612 /* OrbitResponse.swift */ = {isa = PBXFileReference; fileEncoding = 4; lastKnownFileType = sourcecode.swift; path = OrbitResponse.swift; sourceTree = "<group>"; };
		746C1F412B10FA1C00FA9612 /* AgencyResponse.swift */ = {isa = PBXFileReference; fileEncoding = 4; lastKnownFileType = sourcecode.swift; path = AgencyResponse.swift; sourceTree = "<group>"; };
		746C1F432B10FA3700FA9612 /* PadResponse.swift */ = {isa = PBXFileReference; fileEncoding = 4; lastKnownFileType = sourcecode.swift; path = PadResponse.swift; sourceTree = "<group>"; };
		746C1F452B10FA5600FA9612 /* LocationResponse.swift */ = {isa = PBXFileReference; fileEncoding = 4; lastKnownFileType = sourcecode.swift; path = LocationResponse.swift; sourceTree = "<group>"; };
		7474E0142B0CA804008AA32B /* SpaceLaunches.app */ = {isa = PBXFileReference; explicitFileType = wrapper.application; includeInIndex = 0; path = SpaceLaunches.app; sourceTree = BUILT_PRODUCTS_DIR; };
		7474E0172B0CA804008AA32B /* AppDelegate.swift */ = {isa = PBXFileReference; lastKnownFileType = sourcecode.swift; path = AppDelegate.swift; sourceTree = "<group>"; };
		7474E0192B0CA804008AA32B /* SceneDelegate.swift */ = {isa = PBXFileReference; lastKnownFileType = sourcecode.swift; path = SceneDelegate.swift; sourceTree = "<group>"; };
		7474E0202B0CA805008AA32B /* Assets.xcassets */ = {isa = PBXFileReference; lastKnownFileType = folder.assetcatalog; path = Assets.xcassets; sourceTree = "<group>"; };
		7474E0232B0CA805008AA32B /* Base */ = {isa = PBXFileReference; lastKnownFileType = file.storyboard; name = Base; path = Base.lproj/LaunchScreen.storyboard; sourceTree = "<group>"; };
		7474E0252B0CA805008AA32B /* Info.plist */ = {isa = PBXFileReference; lastKnownFileType = text.plist.xml; path = Info.plist; sourceTree = "<group>"; };
		7489E46B2B21DA3E00DCED7D /* LaunchService.swift */ = {isa = PBXFileReference; lastKnownFileType = sourcecode.swift; path = LaunchService.swift; sourceTree = "<group>"; };
		7489E46D2B21DA9200DCED7D /* LaunchLibrary2Service.swift */ = {isa = PBXFileReference; lastKnownFileType = sourcecode.swift; path = LaunchLibrary2Service.swift; sourceTree = "<group>"; };
		7489E46F2B21E0CB00DCED7D /* MissionResponseTests.swift */ = {isa = PBXFileReference; lastKnownFileType = sourcecode.swift; path = MissionResponseTests.swift; sourceTree = "<group>"; };
		748C9A9A2B28A68E001C8E28 /* AgencyResponseTests.swift */ = {isa = PBXFileReference; lastKnownFileType = sourcecode.swift; path = AgencyResponseTests.swift; sourceTree = "<group>"; };
		74A552532B1FB960002E4474 /* RocketConfigurationResponseTests.swift */ = {isa = PBXFileReference; lastKnownFileType = sourcecode.swift; path = RocketConfigurationResponseTests.swift; sourceTree = "<group>"; };
		74A552582B208292002E4474 /* NetworkService.swift */ = {isa = PBXFileReference; lastKnownFileType = sourcecode.swift; path = NetworkService.swift; sourceTree = "<group>"; };
		74A5525C2B2082F8002E4474 /* MockNetworkService.swift */ = {isa = PBXFileReference; lastKnownFileType = sourcecode.swift; path = MockNetworkService.swift; sourceTree = "<group>"; };
		74A5525E2B20833B002E4474 /* MockAPI.swift */ = {isa = PBXFileReference; lastKnownFileType = sourcecode.swift; path = MockAPI.swift; sourceTree = "<group>"; };
		74A552602B20835E002E4474 /* MockResponseData.swift */ = {isa = PBXFileReference; lastKnownFileType = sourcecode.swift; path = MockResponseData.swift; sourceTree = "<group>"; };
		74A552622B20862F002E4474 /* NetworkServiceTests.swift */ = {isa = PBXFileReference; lastKnownFileType = sourcecode.swift; path = NetworkServiceTests.swift; sourceTree = "<group>"; };
		74D2E9862B29D33F0006E3FD /* GetLaunchListUseCase.swift */ = {isa = PBXFileReference; lastKnownFileType = sourcecode.swift; path = GetLaunchListUseCase.swift; sourceTree = "<group>"; };
		74D2E98B2B29D4E80006E3FD /* MockLaunchService.swift */ = {isa = PBXFileReference; lastKnownFileType = sourcecode.swift; path = MockLaunchService.swift; sourceTree = "<group>"; };
		74D2E98E2B29D6BB0006E3FD /* GetLaunchListUseCaseTests.swift */ = {isa = PBXFileReference; lastKnownFileType = sourcecode.swift; path = GetLaunchListUseCaseTests.swift; sourceTree = "<group>"; };
		74D5127E2B1604E000126E9E /* SpaceLaunchesTests.xctest */ = {isa = PBXFileReference; explicitFileType = wrapper.cfbundle; includeInIndex = 0; path = SpaceLaunchesTests.xctest; sourceTree = BUILT_PRODUCTS_DIR; };
		74D5128D2B160E8500126E9E /* LaunchListResponseTests.swift */ = {isa = PBXFileReference; lastKnownFileType = sourcecode.swift; path = LaunchListResponseTests.swift; sourceTree = "<group>"; };
		74ED9D292B173701000BF024 /* LaunchResponseTests.swift */ = {isa = PBXFileReference; lastKnownFileType = sourcecode.swift; path = LaunchResponseTests.swift; sourceTree = "<group>"; };
		74ED9D312B175C8B000BF024 /* LaunchListMode.swift */ = {isa = PBXFileReference; lastKnownFileType = sourcecode.swift; path = LaunchListMode.swift; sourceTree = "<group>"; };
		74ED9D332B175CBA000BF024 /* LaunchListNetworkType.swift */ = {isa = PBXFileReference; lastKnownFileType = sourcecode.swift; path = LaunchListNetworkType.swift; sourceTree = "<group>"; };
		74ED9D352B175CF0000BF024 /* GetLaunchListRequestParameters.swift */ = {isa = PBXFileReference; lastKnownFileType = sourcecode.swift; path = GetLaunchListRequestParameters.swift; sourceTree = "<group>"; };
		74ED9D372B175D23000BF024 /* LaunchLibrary2API.swift */ = {isa = PBXFileReference; lastKnownFileType = sourcecode.swift; path = LaunchLibrary2API.swift; sourceTree = "<group>"; };
		74ED9D392B17613A000BF024 /* Credentials.swift */ = {isa = PBXFileReference; fileEncoding = 4; lastKnownFileType = sourcecode.swift; path = Credentials.swift; sourceTree = "<group>"; };
		74ED9D3C2B1896F6000BF024 /* LaunchStatusResponseTests.swift */ = {isa = PBXFileReference; lastKnownFileType = sourcecode.swift; path = LaunchStatusResponseTests.swift; sourceTree = "<group>"; };
		74FDFF442B23386800784E2C /* LaunchListItem.swift */ = {isa = PBXFileReference; lastKnownFileType = sourcecode.swift; path = LaunchListItem.swift; sourceTree = "<group>"; };
		74FDFF462B23388600784E2C /* LaunchListDisplayType.swift */ = {isa = PBXFileReference; lastKnownFileType = sourcecode.swift; path = LaunchListDisplayType.swift; sourceTree = "<group>"; };
		74FDFF492B233A2400784E2C /* DateTimeFormatter.swift */ = {isa = PBXFileReference; lastKnownFileType = sourcecode.swift; path = DateTimeFormatter.swift; sourceTree = "<group>"; };
		74FDFF4D2B233B0200784E2C /* DateTimeFormatterTests.swift */ = {isa = PBXFileReference; lastKnownFileType = sourcecode.swift; path = DateTimeFormatterTests.swift; sourceTree = "<group>"; };
		74FDFF4F2B270A4500784E2C /* OrbitResponseTests.swift */ = {isa = PBXFileReference; lastKnownFileType = sourcecode.swift; path = OrbitResponseTests.swift; sourceTree = "<group>"; };
		74FDFF532B27132100784E2C /* UseCase.swift */ = {isa = PBXFileReference; lastKnownFileType = sourcecode.swift; path = UseCase.swift; sourceTree = "<group>"; };
		D15CF949E535A7D7C62C641A /* Pods_SpaceLaunchesTests.framework */ = {isa = PBXFileReference; explicitFileType = wrapper.framework; includeInIndex = 0; path = Pods_SpaceLaunchesTests.framework; sourceTree = BUILT_PRODUCTS_DIR; };
/* End PBXFileReference section */

/* Begin PBXFrameworksBuildPhase section */
		7474E0112B0CA804008AA32B /* Frameworks */ = {
			isa = PBXFrameworksBuildPhase;
			buildActionMask = 2147483647;
			files = (
				B530CE68AA903395293F85C0 /* Pods_SpaceLaunches.framework in Frameworks */,
			);
			runOnlyForDeploymentPostprocessing = 0;
		};
		74D5127B2B1604E000126E9E /* Frameworks */ = {
			isa = PBXFrameworksBuildPhase;
			buildActionMask = 2147483647;
			files = (
				798567B008C9CBE1E29A88D2 /* Pods_SpaceLaunchesTests.framework in Frameworks */,
			);
			runOnlyForDeploymentPostprocessing = 0;
		};
/* End PBXFrameworksBuildPhase section */

/* Begin PBXGroup section */
		59D3603B2A4C84CF69DE8643 /* Frameworks */ = {
			isa = PBXGroup;
			children = (
				593C047467B9CBB825EE2664 /* Pods_SpaceLaunches.framework */,
				D15CF949E535A7D7C62C641A /* Pods_SpaceLaunchesTests.framework */,
			);
			name = Frameworks;
			sourceTree = "<group>";
		};
		741FB9F02B0F8EA700E6A95E /* Application */ = {
			isa = PBXGroup;
			children = (
				7474E0172B0CA804008AA32B /* AppDelegate.swift */,
				7474E0192B0CA804008AA32B /* SceneDelegate.swift */,
				7474E0252B0CA805008AA32B /* Info.plist */,
			);
			path = Application;
			sourceTree = "<group>";
		};
		741FB9F22B0F8EDF00E6A95E /* Data */ = {
			isa = PBXGroup;
			children = (
				746C1F172B10B62C00FA9612 /* Network */,
			);
			path = Data;
			sourceTree = "<group>";
		};
		741FB9F32B0F8EF800E6A95E /* Domain */ = {
			isa = PBXGroup;
			children = (
				74FDFF422B23385000784E2C /* Models */,
				74FDFF522B2712DD00784E2C /* UseCases */,
			);
			path = Domain;
			sourceTree = "<group>";
		};
		741FB9F42B0F8EFE00E6A95E /* Presentation */ = {
			isa = PBXGroup;
			children = (
				744F77752B2AFD7F0077ECCF /* LaunchList */,
			);
			path = Presentation;
			sourceTree = "<group>";
		};
		741FB9F52B0F8F0500E6A95E /* Resources */ = {
			isa = PBXGroup;
			children = (
				7474E0202B0CA805008AA32B /* Assets.xcassets */,
				7474E0222B0CA805008AA32B /* LaunchScreen.storyboard */,
			);
			path = Resources;
			sourceTree = "<group>";
		};
		741FB9F62B0F8F1600E6A95E /* Common */ = {
			isa = PBXGroup;
			children = (
				74FDFF482B233A1700784E2C /* Utilities */,
			);
			path = Common;
			sourceTree = "<group>";
		};
		744F77752B2AFD7F0077ECCF /* LaunchList */ = {
			isa = PBXGroup;
			children = (
				744F77762B2AFD9E0077ECCF /* LaunchListViewController.swift */,
			);
			path = LaunchList;
			sourceTree = "<group>";
		};
		745205372B1E262400464DE0 /* Common */ = {
			isa = PBXGroup;
			children = (
				74ED9D392B17613A000BF024 /* Credentials.swift */,
				745205342B1DE07900464DE0 /* NetworkError.swift */,
				74A552582B208292002E4474 /* NetworkService.swift */,
				7489E46B2B21DA3E00DCED7D /* LaunchService.swift */,
			);
			path = Common;
			sourceTree = "<group>";
		};
		746C1F172B10B62C00FA9612 /* Network */ = {
			isa = PBXGroup;
			children = (
				745205372B1E262400464DE0 /* Common */,
				746C1F182B10B6AA00FA9612 /* LaunchLibrary2 */,
			);
			path = Network;
			sourceTree = "<group>";
		};
		746C1F182B10B6AA00FA9612 /* LaunchLibrary2 */ = {
			isa = PBXGroup;
			children = (
				746C1F192B10BA0000FA9612 /* Entities */,
				74ED9D372B175D23000BF024 /* LaunchLibrary2API.swift */,
				7489E46D2B21DA9200DCED7D /* LaunchLibrary2Service.swift */,
			);
			path = LaunchLibrary2;
			sourceTree = "<group>";
		};
		746C1F192B10BA0000FA9612 /* Entities */ = {
			isa = PBXGroup;
			children = (
				74ED9D302B175C20000BF024 /* Responses */,
				74ED9D312B175C8B000BF024 /* LaunchListMode.swift */,
				74ED9D332B175CBA000BF024 /* LaunchListNetworkType.swift */,
				74ED9D352B175CF0000BF024 /* GetLaunchListRequestParameters.swift */,
			);
			path = Entities;
			sourceTree = "<group>";
		};
		7474E00B2B0CA803008AA32B = {
			isa = PBXGroup;
			children = (
				7474E0162B0CA804008AA32B /* SpaceLaunches */,
				74D5127F2B1604E000126E9E /* SpaceLaunchesTests */,
				7474E0152B0CA804008AA32B /* Products */,
				C65C6995E716EB61376BF5A0 /* Pods */,
				59D3603B2A4C84CF69DE8643 /* Frameworks */,
			);
			sourceTree = "<group>";
		};
		7474E0152B0CA804008AA32B /* Products */ = {
			isa = PBXGroup;
			children = (
				7474E0142B0CA804008AA32B /* SpaceLaunches.app */,
				74D5127E2B1604E000126E9E /* SpaceLaunchesTests.xctest */,
			);
			name = Products;
			sourceTree = "<group>";
		};
		7474E0162B0CA804008AA32B /* SpaceLaunches */ = {
			isa = PBXGroup;
			children = (
				741FB9F02B0F8EA700E6A95E /* Application */,
				741FB9F62B0F8F1600E6A95E /* Common */,
				741FB9F22B0F8EDF00E6A95E /* Data */,
				741FB9F32B0F8EF800E6A95E /* Domain */,
				741FB9F42B0F8EFE00E6A95E /* Presentation */,
				741FB9F52B0F8F0500E6A95E /* Resources */,
			);
			path = SpaceLaunches;
			sourceTree = "<group>";
		};
		74A5525A2B2082CF002E4474 /* Common */ = {
			isa = PBXGroup;
			children = (
				74A5525B2B2082DE002E4474 /* Mocks */,
				74A552622B20862F002E4474 /* NetworkServiceTests.swift */,
			);
			path = Common;
			sourceTree = "<group>";
		};
		74A5525B2B2082DE002E4474 /* Mocks */ = {
			isa = PBXGroup;
			children = (
				74A5525C2B2082F8002E4474 /* MockNetworkService.swift */,
				74A5525E2B20833B002E4474 /* MockAPI.swift */,
				74A552602B20835E002E4474 /* MockResponseData.swift */,
			);
			path = Mocks;
			sourceTree = "<group>";
		};
		74D2E9852B29D3140006E3FD /* LaunchList */ = {
			isa = PBXGroup;
			children = (
				74D2E9862B29D33F0006E3FD /* GetLaunchListUseCase.swift */,
			);
			path = LaunchList;
			sourceTree = "<group>";
		};
		74D2E9892B29D4D50006E3FD /* UseCases */ = {
			isa = PBXGroup;
			children = (
				74D2E98A2B29D4DE0006E3FD /* Mocks */,
				74D2E98D2B29D6A30006E3FD /* LaunchList */,
			);
			path = UseCases;
			sourceTree = "<group>";
		};
		74D2E98A2B29D4DE0006E3FD /* Mocks */ = {
			isa = PBXGroup;
			children = (
				74D2E98B2B29D4E80006E3FD /* MockLaunchService.swift */,
			);
			path = Mocks;
			sourceTree = "<group>";
		};
		74D2E98D2B29D6A30006E3FD /* LaunchList */ = {
			isa = PBXGroup;
			children = (
				74D2E98E2B29D6BB0006E3FD /* GetLaunchListUseCaseTests.swift */,
			);
			path = LaunchList;
			sourceTree = "<group>";
		};
		74D5127F2B1604E000126E9E /* SpaceLaunchesTests */ = {
			isa = PBXGroup;
			children = (
				74FDFF4B2B233AE200784E2C /* Common */,
				74D512872B16092C00126E9E /* Data */,
				74D512882B16093200126E9E /* Domain */,
				74D512892B16093600126E9E /* Presentation */,
			);
			path = SpaceLaunchesTests;
			sourceTree = "<group>";
		};
		74D512872B16092C00126E9E /* Data */ = {
			isa = PBXGroup;
			children = (
				74D5128A2B160D5B00126E9E /* Network */,
			);
			path = Data;
			sourceTree = "<group>";
		};
		74D512882B16093200126E9E /* Domain */ = {
			isa = PBXGroup;
			children = (
				74D2E9892B29D4D50006E3FD /* UseCases */,
			);
			path = Domain;
			sourceTree = "<group>";
		};
		74D512892B16093600126E9E /* Presentation */ = {
			isa = PBXGroup;
			children = (
			);
			path = Presentation;
			sourceTree = "<group>";
		};
		74D5128A2B160D5B00126E9E /* Network */ = {
			isa = PBXGroup;
			children = (
				74A5525A2B2082CF002E4474 /* Common */,
				74D5128B2B160D6500126E9E /* LaunchLibrary2 */,
			);
			path = Network;
			sourceTree = "<group>";
		};
		74D5128B2B160D6500126E9E /* LaunchLibrary2 */ = {
			isa = PBXGroup;
			children = (
				74D5128C2B160D6E00126E9E /* Entities */,
			);
			path = LaunchLibrary2;
			sourceTree = "<group>";
		};
		74D5128C2B160D6E00126E9E /* Entities */ = {
			isa = PBXGroup;
			children = (
				74ED9D3B2B189360000BF024 /* Responses */,
			);
			path = Entities;
			sourceTree = "<group>";
		};
		74ED9D302B175C20000BF024 /* Responses */ = {
			isa = PBXGroup;
			children = (
				746C1F312B10F89000FA9612 /* LaunchListResponse.swift */,
				746C1F332B10F8BA00FA9612 /* LaunchResponse.swift */,
				746C1F352B10F93F00FA9612 /* LaunchStatusResponse.swift */,
				746C1F372B10F97500FA9612 /* LaunchServiceProviderResponse.swift */,
				746C1F392B10F99000FA9612 /* RocketResponse.swift */,
				746C1F3B2B10F9AD00FA9612 /* RocketConfigurationResponse.swift */,
				746C1F3D2B10F9D500FA9612 /* MissionResponse.swift */,
				746C1F3F2B10F9F600FA9612 /* OrbitResponse.swift */,
				746C1F412B10FA1C00FA9612 /* AgencyResponse.swift */,
				746C1F432B10FA3700FA9612 /* PadResponse.swift */,
				746C1F452B10FA5600FA9612 /* LocationResponse.swift */,
			);
			path = Responses;
			sourceTree = "<group>";
		};
		74ED9D3B2B189360000BF024 /* Responses */ = {
			isa = PBXGroup;
			children = (
				74D5128D2B160E8500126E9E /* LaunchListResponseTests.swift */,
				74ED9D292B173701000BF024 /* LaunchResponseTests.swift */,
				74ED9D3C2B1896F6000BF024 /* LaunchStatusResponseTests.swift */,
				746A81772B1A2046008BC095 /* LaunchServiceProviderResponseTests.swift */,
				745205322B1DDAD300464DE0 /* RocketResponseTests.swift */,
				74A552532B1FB960002E4474 /* RocketConfigurationResponseTests.swift */,
				7489E46F2B21E0CB00DCED7D /* MissionResponseTests.swift */,
				74FDFF4F2B270A4500784E2C /* OrbitResponseTests.swift */,
				748C9A9A2B28A68E001C8E28 /* AgencyResponseTests.swift */,
			);
			path = Responses;
			sourceTree = "<group>";
		};
		74FDFF422B23385000784E2C /* Models */ = {
			isa = PBXGroup;
			children = (
				74FDFF432B23385500784E2C /* LaunchList */,
			);
			path = Models;
			sourceTree = "<group>";
		};
		74FDFF432B23385500784E2C /* LaunchList */ = {
			isa = PBXGroup;
			children = (
				74FDFF442B23386800784E2C /* LaunchListItem.swift */,
				74FDFF462B23388600784E2C /* LaunchListDisplayType.swift */,
			);
			path = LaunchList;
			sourceTree = "<group>";
		};
		74FDFF482B233A1700784E2C /* Utilities */ = {
			isa = PBXGroup;
			children = (
				74FDFF492B233A2400784E2C /* DateTimeFormatter.swift */,
			);
			path = Utilities;
			sourceTree = "<group>";
		};
		74FDFF4B2B233AE200784E2C /* Common */ = {
			isa = PBXGroup;
			children = (
				74FDFF4C2B233AF100784E2C /* Utilities */,
			);
			path = Common;
			sourceTree = "<group>";
		};
		74FDFF4C2B233AF100784E2C /* Utilities */ = {
			isa = PBXGroup;
			children = (
				74FDFF4D2B233B0200784E2C /* DateTimeFormatterTests.swift */,
			);
			path = Utilities;
			sourceTree = "<group>";
		};
		74FDFF522B2712DD00784E2C /* UseCases */ = {
			isa = PBXGroup;
			children = (
				74FDFF552B27143300784E2C /* Protocols */,
				74D2E9852B29D3140006E3FD /* LaunchList */,
			);
			path = UseCases;
			sourceTree = "<group>";
		};
		74FDFF552B27143300784E2C /* Protocols */ = {
			isa = PBXGroup;
			children = (
				74FDFF532B27132100784E2C /* UseCase.swift */,
			);
			path = Protocols;
			sourceTree = "<group>";
		};
		C65C6995E716EB61376BF5A0 /* Pods */ = {
			isa = PBXGroup;
			children = (
				208D79752BB5E4BA155BB8E5 /* Pods-SpaceLaunches.debug.xcconfig */,
				658D6344A47DA3F975424A99 /* Pods-SpaceLaunches.release.xcconfig */,
				08779CBD9F2056641E2FF042 /* Pods-SpaceLaunchesTests.debug.xcconfig */,
				6747844BA8F22DCD84358180 /* Pods-SpaceLaunchesTests.release.xcconfig */,
			);
			path = Pods;
			sourceTree = "<group>";
		};
/* End PBXGroup section */

/* Begin PBXNativeTarget section */
		7474E0132B0CA804008AA32B /* SpaceLaunches */ = {
			isa = PBXNativeTarget;
			buildConfigurationList = 7474E0282B0CA805008AA32B /* Build configuration list for PBXNativeTarget "SpaceLaunches" */;
			buildPhases = (
				531F395C7D0B7EA06042C43A /* [CP] Check Pods Manifest.lock */,
				7474E0102B0CA804008AA32B /* Sources */,
				7474E0112B0CA804008AA32B /* Frameworks */,
				7474E0122B0CA804008AA32B /* Resources */,
				F49A3F6605A805DC9E71FE4B /* [CP] Embed Pods Frameworks */,
				7459C4A62B0E106F005F4FAC /* Run Script - SwiftLint */,
			);
			buildRules = (
			);
			dependencies = (
			);
			name = SpaceLaunches;
			productName = SpaceLaunches;
			productReference = 7474E0142B0CA804008AA32B /* SpaceLaunches.app */;
			productType = "com.apple.product-type.application";
		};
		74D5127D2B1604E000126E9E /* SpaceLaunchesTests */ = {
			isa = PBXNativeTarget;
			buildConfigurationList = 74D512862B1604E000126E9E /* Build configuration list for PBXNativeTarget "SpaceLaunchesTests" */;
			buildPhases = (
				F169A5292C5F4A60BB866874 /* [CP] Check Pods Manifest.lock */,
				74D5127A2B1604E000126E9E /* Sources */,
				74D5127B2B1604E000126E9E /* Frameworks */,
				74D5127C2B1604E000126E9E /* Resources */,
				DFC4752B2EAA27E40A7BC2D1 /* [CP] Embed Pods Frameworks */,
			);
			buildRules = (
			);
			dependencies = (
				74D512832B1604E000126E9E /* PBXTargetDependency */,
			);
			name = SpaceLaunchesTests;
			productName = SpaceLaunchesTests;
			productReference = 74D5127E2B1604E000126E9E /* SpaceLaunchesTests.xctest */;
			productType = "com.apple.product-type.bundle.unit-test";
		};
/* End PBXNativeTarget section */

/* Begin PBXProject section */
		7474E00C2B0CA803008AA32B /* Project object */ = {
			isa = PBXProject;
			attributes = {
				BuildIndependentTargetsInParallel = 1;
				LastSwiftUpdateCheck = 1500;
				LastUpgradeCheck = 1500;
				TargetAttributes = {
					7474E0132B0CA804008AA32B = {
						CreatedOnToolsVersion = 15.0.1;
					};
					74D5127D2B1604E000126E9E = {
						CreatedOnToolsVersion = 15.0.1;
						LastSwiftMigration = 1500;
						TestTargetID = 7474E0132B0CA804008AA32B;
					};
				};
			};
			buildConfigurationList = 7474E00F2B0CA803008AA32B /* Build configuration list for PBXProject "SpaceLaunches" */;
			compatibilityVersion = "Xcode 14.0";
			developmentRegion = en;
			hasScannedForEncodings = 0;
			knownRegions = (
				en,
				Base,
			);
			mainGroup = 7474E00B2B0CA803008AA32B;
			productRefGroup = 7474E0152B0CA804008AA32B /* Products */;
			projectDirPath = "";
			projectRoot = "";
			targets = (
				7474E0132B0CA804008AA32B /* SpaceLaunches */,
				74D5127D2B1604E000126E9E /* SpaceLaunchesTests */,
			);
		};
/* End PBXProject section */

/* Begin PBXResourcesBuildPhase section */
		7474E0122B0CA804008AA32B /* Resources */ = {
			isa = PBXResourcesBuildPhase;
			buildActionMask = 2147483647;
			files = (
				7474E0242B0CA805008AA32B /* LaunchScreen.storyboard in Resources */,
				7474E0212B0CA805008AA32B /* Assets.xcassets in Resources */,
			);
			runOnlyForDeploymentPostprocessing = 0;
		};
		74D5127C2B1604E000126E9E /* Resources */ = {
			isa = PBXResourcesBuildPhase;
			buildActionMask = 2147483647;
			files = (
			);
			runOnlyForDeploymentPostprocessing = 0;
		};
/* End PBXResourcesBuildPhase section */

/* Begin PBXShellScriptBuildPhase section */
		531F395C7D0B7EA06042C43A /* [CP] Check Pods Manifest.lock */ = {
			isa = PBXShellScriptBuildPhase;
			buildActionMask = 2147483647;
			files = (
			);
			inputFileListPaths = (
			);
			inputPaths = (
				"${PODS_PODFILE_DIR_PATH}/Podfile.lock",
				"${PODS_ROOT}/Manifest.lock",
			);
			name = "[CP] Check Pods Manifest.lock";
			outputFileListPaths = (
			);
			outputPaths = (
				"$(DERIVED_FILE_DIR)/Pods-SpaceLaunches-checkManifestLockResult.txt",
			);
			runOnlyForDeploymentPostprocessing = 0;
			shellPath = /bin/sh;
			shellScript = "diff \"${PODS_PODFILE_DIR_PATH}/Podfile.lock\" \"${PODS_ROOT}/Manifest.lock\" > /dev/null\nif [ $? != 0 ] ; then\n    # print error to STDERR\n    echo \"error: The sandbox is not in sync with the Podfile.lock. Run 'pod install' or update your CocoaPods installation.\" >&2\n    exit 1\nfi\n# This output is used by Xcode 'outputs' to avoid re-running this script phase.\necho \"SUCCESS\" > \"${SCRIPT_OUTPUT_FILE_0}\"\n";
			showEnvVarsInLog = 0;
		};
		7459C4A62B0E106F005F4FAC /* Run Script - SwiftLint */ = {
			isa = PBXShellScriptBuildPhase;
			alwaysOutOfDate = 1;
			buildActionMask = 2147483647;
			files = (
			);
			inputFileListPaths = (
			);
			inputPaths = (
			);
			name = "Run Script - SwiftLint";
			outputFileListPaths = (
			);
			outputPaths = (
			);
			runOnlyForDeploymentPostprocessing = 0;
			shellPath = /bin/sh;
			shellScript = "${PODS_ROOT}/SwiftLint/swiftlint\n";
			showEnvVarsInLog = 0;
		};
		DFC4752B2EAA27E40A7BC2D1 /* [CP] Embed Pods Frameworks */ = {
			isa = PBXShellScriptBuildPhase;
			buildActionMask = 2147483647;
			files = (
			);
			inputFileListPaths = (
				"${PODS_ROOT}/Target Support Files/Pods-SpaceLaunchesTests/Pods-SpaceLaunchesTests-frameworks-${CONFIGURATION}-input-files.xcfilelist",
			);
			name = "[CP] Embed Pods Frameworks";
			outputFileListPaths = (
				"${PODS_ROOT}/Target Support Files/Pods-SpaceLaunchesTests/Pods-SpaceLaunchesTests-frameworks-${CONFIGURATION}-output-files.xcfilelist",
			);
			runOnlyForDeploymentPostprocessing = 0;
			shellPath = /bin/sh;
			shellScript = "\"${PODS_ROOT}/Target Support Files/Pods-SpaceLaunchesTests/Pods-SpaceLaunchesTests-frameworks.sh\"\n";
			showEnvVarsInLog = 0;
		};
		F169A5292C5F4A60BB866874 /* [CP] Check Pods Manifest.lock */ = {
			isa = PBXShellScriptBuildPhase;
			buildActionMask = 2147483647;
			files = (
			);
			inputFileListPaths = (
			);
			inputPaths = (
				"${PODS_PODFILE_DIR_PATH}/Podfile.lock",
				"${PODS_ROOT}/Manifest.lock",
			);
			name = "[CP] Check Pods Manifest.lock";
			outputFileListPaths = (
			);
			outputPaths = (
				"$(DERIVED_FILE_DIR)/Pods-SpaceLaunchesTests-checkManifestLockResult.txt",
			);
			runOnlyForDeploymentPostprocessing = 0;
			shellPath = /bin/sh;
			shellScript = "diff \"${PODS_PODFILE_DIR_PATH}/Podfile.lock\" \"${PODS_ROOT}/Manifest.lock\" > /dev/null\nif [ $? != 0 ] ; then\n    # print error to STDERR\n    echo \"error: The sandbox is not in sync with the Podfile.lock. Run 'pod install' or update your CocoaPods installation.\" >&2\n    exit 1\nfi\n# This output is used by Xcode 'outputs' to avoid re-running this script phase.\necho \"SUCCESS\" > \"${SCRIPT_OUTPUT_FILE_0}\"\n";
			showEnvVarsInLog = 0;
		};
		F49A3F6605A805DC9E71FE4B /* [CP] Embed Pods Frameworks */ = {
			isa = PBXShellScriptBuildPhase;
			buildActionMask = 2147483647;
			files = (
			);
			inputFileListPaths = (
				"${PODS_ROOT}/Target Support Files/Pods-SpaceLaunches/Pods-SpaceLaunches-frameworks-${CONFIGURATION}-input-files.xcfilelist",
			);
			name = "[CP] Embed Pods Frameworks";
			outputFileListPaths = (
				"${PODS_ROOT}/Target Support Files/Pods-SpaceLaunches/Pods-SpaceLaunches-frameworks-${CONFIGURATION}-output-files.xcfilelist",
			);
			runOnlyForDeploymentPostprocessing = 0;
			shellPath = /bin/sh;
			shellScript = "\"${PODS_ROOT}/Target Support Files/Pods-SpaceLaunches/Pods-SpaceLaunches-frameworks.sh\"\n";
			showEnvVarsInLog = 0;
		};
/* End PBXShellScriptBuildPhase section */

/* Begin PBXSourcesBuildPhase section */
		7474E0102B0CA804008AA32B /* Sources */ = {
			isa = PBXSourcesBuildPhase;
			buildActionMask = 2147483647;
			files = (
				746C1F462B10FA5600FA9612 /* LocationResponse.swift in Sources */,
				74ED9D362B175CF0000BF024 /* GetLaunchListRequestParameters.swift in Sources */,
				746C1F362B10F93F00FA9612 /* LaunchStatusResponse.swift in Sources */,
				746C1F322B10F89000FA9612 /* LaunchListResponse.swift in Sources */,
				74FDFF452B23386800784E2C /* LaunchListItem.swift in Sources */,
				746C1F3C2B10F9AD00FA9612 /* RocketConfigurationResponse.swift in Sources */,
				746C1F382B10F97500FA9612 /* LaunchServiceProviderResponse.swift in Sources */,
				746C1F3E2B10F9D500FA9612 /* MissionResponse.swift in Sources */,
				7489E46C2B21DA3E00DCED7D /* LaunchService.swift in Sources */,
				7474E0182B0CA804008AA32B /* AppDelegate.swift in Sources */,
				745205362B1E259100464DE0 /* NetworkError.swift in Sources */,
				7489E46E2B21DA9200DCED7D /* LaunchLibrary2Service.swift in Sources */,
				746C1F342B10F8BA00FA9612 /* LaunchResponse.swift in Sources */,
				74ED9D342B175CBA000BF024 /* LaunchListNetworkType.swift in Sources */,
				74FDFF542B27132100784E2C /* UseCase.swift in Sources */,
				746C1F3A2B10F99000FA9612 /* RocketResponse.swift in Sources */,
				74A552592B208292002E4474 /* NetworkService.swift in Sources */,
				746C1F442B10FA3700FA9612 /* PadResponse.swift in Sources */,
				74FDFF472B23388600784E2C /* LaunchListDisplayType.swift in Sources */,
				74ED9D3A2B17613A000BF024 /* Credentials.swift in Sources */,
				74D2E9872B29D33F0006E3FD /* GetLaunchListUseCase.swift in Sources */,
				746C1F422B10FA1C00FA9612 /* AgencyResponse.swift in Sources */,
				744F77772B2AFD9E0077ECCF /* LaunchListViewController.swift in Sources */,
				74ED9D382B175D23000BF024 /* LaunchLibrary2API.swift in Sources */,
				746C1F402B10F9F600FA9612 /* OrbitResponse.swift in Sources */,
				74FDFF4A2B233A2400784E2C /* DateTimeFormatter.swift in Sources */,
				74ED9D322B175C8B000BF024 /* LaunchListMode.swift in Sources */,
				7474E01A2B0CA804008AA32B /* SceneDelegate.swift in Sources */,
			);
			runOnlyForDeploymentPostprocessing = 0;
		};
		74D5127A2B1604E000126E9E /* Sources */ = {
			isa = PBXSourcesBuildPhase;
			buildActionMask = 2147483647;
			files = (
				74A552632B20862F002E4474 /* NetworkServiceTests.swift in Sources */,
				74A552612B20835E002E4474 /* MockResponseData.swift in Sources */,
				74D2E98C2B29D4E80006E3FD /* MockLaunchService.swift in Sources */,
				746A81782B1A2046008BC095 /* LaunchServiceProviderResponseTests.swift in Sources */,
				74A5525D2B2082F8002E4474 /* MockNetworkService.swift in Sources */,
				74ED9D3D2B1896F6000BF024 /* LaunchStatusResponseTests.swift in Sources */,
				748C9A9B2B28A68E001C8E28 /* AgencyResponseTests.swift in Sources */,
				74D5128E2B160E8500126E9E /* LaunchListResponseTests.swift in Sources */,
				74A5525F2B20833B002E4474 /* MockAPI.swift in Sources */,
				745205332B1DDAD300464DE0 /* RocketResponseTests.swift in Sources */,
				74ED9D2A2B173701000BF024 /* LaunchResponseTests.swift in Sources */,
				7489E4702B21E0CB00DCED7D /* MissionResponseTests.swift in Sources */,
				74A552542B1FB960002E4474 /* RocketConfigurationResponseTests.swift in Sources */,
				74D2E98F2B29D6BB0006E3FD /* GetLaunchListUseCaseTests.swift in Sources */,
				74FDFF4E2B233B0300784E2C /* DateTimeFormatterTests.swift in Sources */,
				74FDFF502B270A4500784E2C /* OrbitResponseTests.swift in Sources */,
			);
			runOnlyForDeploymentPostprocessing = 0;
		};
/* End PBXSourcesBuildPhase section */

/* Begin PBXTargetDependency section */
		74D512832B1604E000126E9E /* PBXTargetDependency */ = {
			isa = PBXTargetDependency;
			target = 7474E0132B0CA804008AA32B /* SpaceLaunches */;
			targetProxy = 74D512822B1604E000126E9E /* PBXContainerItemProxy */;
		};
/* End PBXTargetDependency section */

/* Begin PBXVariantGroup section */
		7474E0222B0CA805008AA32B /* LaunchScreen.storyboard */ = {
			isa = PBXVariantGroup;
			children = (
				7474E0232B0CA805008AA32B /* Base */,
			);
			name = LaunchScreen.storyboard;
			sourceTree = "<group>";
		};
/* End PBXVariantGroup section */

/* Begin XCBuildConfiguration section */
		7474E0262B0CA805008AA32B /* Debug */ = {
			isa = XCBuildConfiguration;
			buildSettings = {
				ALWAYS_SEARCH_USER_PATHS = NO;
				ASSETCATALOG_COMPILER_GENERATE_SWIFT_ASSET_SYMBOL_EXTENSIONS = YES;
				CLANG_ANALYZER_NONNULL = YES;
				CLANG_ANALYZER_NUMBER_OBJECT_CONVERSION = YES_AGGRESSIVE;
				CLANG_CXX_LANGUAGE_STANDARD = "gnu++20";
				CLANG_ENABLE_MODULES = YES;
				CLANG_ENABLE_OBJC_ARC = YES;
				CLANG_ENABLE_OBJC_WEAK = YES;
				CLANG_WARN_BLOCK_CAPTURE_AUTORELEASING = YES;
				CLANG_WARN_BOOL_CONVERSION = YES;
				CLANG_WARN_COMMA = YES;
				CLANG_WARN_CONSTANT_CONVERSION = YES;
				CLANG_WARN_DEPRECATED_OBJC_IMPLEMENTATIONS = YES;
				CLANG_WARN_DIRECT_OBJC_ISA_USAGE = YES_ERROR;
				CLANG_WARN_DOCUMENTATION_COMMENTS = YES;
				CLANG_WARN_EMPTY_BODY = YES;
				CLANG_WARN_ENUM_CONVERSION = YES;
				CLANG_WARN_INFINITE_RECURSION = YES;
				CLANG_WARN_INT_CONVERSION = YES;
				CLANG_WARN_NON_LITERAL_NULL_CONVERSION = YES;
				CLANG_WARN_OBJC_IMPLICIT_RETAIN_SELF = YES;
				CLANG_WARN_OBJC_LITERAL_CONVERSION = YES;
				CLANG_WARN_OBJC_ROOT_CLASS = YES_ERROR;
				CLANG_WARN_QUOTED_INCLUDE_IN_FRAMEWORK_HEADER = YES;
				CLANG_WARN_RANGE_LOOP_ANALYSIS = YES;
				CLANG_WARN_STRICT_PROTOTYPES = YES;
				CLANG_WARN_SUSPICIOUS_MOVE = YES;
				CLANG_WARN_UNGUARDED_AVAILABILITY = YES_AGGRESSIVE;
				CLANG_WARN_UNREACHABLE_CODE = YES;
				CLANG_WARN__DUPLICATE_METHOD_MATCH = YES;
				COPY_PHASE_STRIP = NO;
				CURRENT_PROJECT_VERSION = 26;
				DEBUG_INFORMATION_FORMAT = dwarf;
				ENABLE_STRICT_OBJC_MSGSEND = YES;
				ENABLE_TESTABILITY = YES;
				ENABLE_USER_SCRIPT_SANDBOXING = NO;
				GCC_C_LANGUAGE_STANDARD = gnu17;
				GCC_DYNAMIC_NO_PIC = NO;
				GCC_NO_COMMON_BLOCKS = YES;
				GCC_OPTIMIZATION_LEVEL = 0;
				GCC_PREPROCESSOR_DEFINITIONS = (
					"DEBUG=1",
					"$(inherited)",
				);
				GCC_WARN_64_TO_32_BIT_CONVERSION = YES;
				GCC_WARN_ABOUT_RETURN_TYPE = YES_ERROR;
				GCC_WARN_UNDECLARED_SELECTOR = YES;
				GCC_WARN_UNINITIALIZED_AUTOS = YES_AGGRESSIVE;
				GCC_WARN_UNUSED_FUNCTION = YES;
				GCC_WARN_UNUSED_VARIABLE = YES;
				IPHONEOS_DEPLOYMENT_TARGET = 15;
				LOCALIZATION_PREFERS_STRING_CATALOGS = YES;
				MARKETING_VERSION = 0.1.0;
				MTL_ENABLE_DEBUG_INFO = INCLUDE_SOURCE;
				MTL_FAST_MATH = YES;
				ONLY_ACTIVE_ARCH = YES;
				SDKROOT = iphoneos;
				SWIFT_ACTIVE_COMPILATION_CONDITIONS = "DEBUG $(inherited)";
				SWIFT_OPTIMIZATION_LEVEL = "-Onone";
			};
			name = Debug;
		};
		7474E0272B0CA805008AA32B /* Release */ = {
			isa = XCBuildConfiguration;
			buildSettings = {
				ALWAYS_SEARCH_USER_PATHS = NO;
				ASSETCATALOG_COMPILER_GENERATE_SWIFT_ASSET_SYMBOL_EXTENSIONS = YES;
				CLANG_ANALYZER_NONNULL = YES;
				CLANG_ANALYZER_NUMBER_OBJECT_CONVERSION = YES_AGGRESSIVE;
				CLANG_CXX_LANGUAGE_STANDARD = "gnu++20";
				CLANG_ENABLE_MODULES = YES;
				CLANG_ENABLE_OBJC_ARC = YES;
				CLANG_ENABLE_OBJC_WEAK = YES;
				CLANG_WARN_BLOCK_CAPTURE_AUTORELEASING = YES;
				CLANG_WARN_BOOL_CONVERSION = YES;
				CLANG_WARN_COMMA = YES;
				CLANG_WARN_CONSTANT_CONVERSION = YES;
				CLANG_WARN_DEPRECATED_OBJC_IMPLEMENTATIONS = YES;
				CLANG_WARN_DIRECT_OBJC_ISA_USAGE = YES_ERROR;
				CLANG_WARN_DOCUMENTATION_COMMENTS = YES;
				CLANG_WARN_EMPTY_BODY = YES;
				CLANG_WARN_ENUM_CONVERSION = YES;
				CLANG_WARN_INFINITE_RECURSION = YES;
				CLANG_WARN_INT_CONVERSION = YES;
				CLANG_WARN_NON_LITERAL_NULL_CONVERSION = YES;
				CLANG_WARN_OBJC_IMPLICIT_RETAIN_SELF = YES;
				CLANG_WARN_OBJC_LITERAL_CONVERSION = YES;
				CLANG_WARN_OBJC_ROOT_CLASS = YES_ERROR;
				CLANG_WARN_QUOTED_INCLUDE_IN_FRAMEWORK_HEADER = YES;
				CLANG_WARN_RANGE_LOOP_ANALYSIS = YES;
				CLANG_WARN_STRICT_PROTOTYPES = YES;
				CLANG_WARN_SUSPICIOUS_MOVE = YES;
				CLANG_WARN_UNGUARDED_AVAILABILITY = YES_AGGRESSIVE;
				CLANG_WARN_UNREACHABLE_CODE = YES;
				CLANG_WARN__DUPLICATE_METHOD_MATCH = YES;
				COPY_PHASE_STRIP = NO;
				CURRENT_PROJECT_VERSION = 26;
				DEBUG_INFORMATION_FORMAT = "dwarf-with-dsym";
				ENABLE_NS_ASSERTIONS = NO;
				ENABLE_STRICT_OBJC_MSGSEND = YES;
				ENABLE_USER_SCRIPT_SANDBOXING = NO;
				GCC_C_LANGUAGE_STANDARD = gnu17;
				GCC_NO_COMMON_BLOCKS = YES;
				GCC_WARN_64_TO_32_BIT_CONVERSION = YES;
				GCC_WARN_ABOUT_RETURN_TYPE = YES_ERROR;
				GCC_WARN_UNDECLARED_SELECTOR = YES;
				GCC_WARN_UNINITIALIZED_AUTOS = YES_AGGRESSIVE;
				GCC_WARN_UNUSED_FUNCTION = YES;
				GCC_WARN_UNUSED_VARIABLE = YES;
				IPHONEOS_DEPLOYMENT_TARGET = 15;
				LOCALIZATION_PREFERS_STRING_CATALOGS = YES;
				MARKETING_VERSION = 0.1.0;
				MTL_ENABLE_DEBUG_INFO = NO;
				MTL_FAST_MATH = YES;
				SDKROOT = iphoneos;
				SWIFT_COMPILATION_MODE = wholemodule;
				VALIDATE_PRODUCT = YES;
			};
			name = Release;
		};
		7474E0292B0CA805008AA32B /* Debug */ = {
			isa = XCBuildConfiguration;
			baseConfigurationReference = 208D79752BB5E4BA155BB8E5 /* Pods-SpaceLaunches.debug.xcconfig */;
			buildSettings = {
				ASSETCATALOG_COMPILER_APPICON_NAME = AppIcon;
				ASSETCATALOG_COMPILER_GLOBAL_ACCENT_COLOR_NAME = AccentColor;
				CODE_SIGN_STYLE = Automatic;
				CURRENT_PROJECT_VERSION = "$(CURRENT_PROJECT_VERSION)";
				GENERATE_INFOPLIST_FILE = YES;
				INFOPLIST_FILE = SpaceLaunches/Application/Info.plist;
				INFOPLIST_KEY_UIApplicationSupportsIndirectInputEvents = YES;
				INFOPLIST_KEY_UILaunchStoryboardName = LaunchScreen;
				INFOPLIST_KEY_UISupportedInterfaceOrientations = UIInterfaceOrientationPortrait;
				INFOPLIST_KEY_UISupportedInterfaceOrientations_iPad = "UIInterfaceOrientationLandscapeLeft UIInterfaceOrientationLandscapeRight UIInterfaceOrientationPortrait UIInterfaceOrientationPortraitUpsideDown";
				LD_RUNPATH_SEARCH_PATHS = (
					"$(inherited)",
					"@executable_path/Frameworks",
				);
				MARKETING_VERSION = "$(MARKETING_VERSION)";
				PRODUCT_BUNDLE_IDENTIFIER = com.mikhailkosarev.SpaceLaunches;
				PRODUCT_NAME = "$(TARGET_NAME)";
				SUPPORTED_PLATFORMS = "iphoneos iphonesimulator";
				SUPPORTS_MACCATALYST = NO;
				SUPPORTS_MAC_DESIGNED_FOR_IPHONE_IPAD = NO;
				SWIFT_EMIT_LOC_STRINGS = YES;
				SWIFT_VERSION = 5.0;
				TARGETED_DEVICE_FAMILY = 1;
			};
			name = Debug;
		};
		7474E02A2B0CA805008AA32B /* Release */ = {
			isa = XCBuildConfiguration;
			baseConfigurationReference = 658D6344A47DA3F975424A99 /* Pods-SpaceLaunches.release.xcconfig */;
			buildSettings = {
				ASSETCATALOG_COMPILER_APPICON_NAME = AppIcon;
				ASSETCATALOG_COMPILER_GLOBAL_ACCENT_COLOR_NAME = AccentColor;
				CODE_SIGN_STYLE = Automatic;
				CURRENT_PROJECT_VERSION = "$(CURRENT_PROJECT_VERSION)";
				GENERATE_INFOPLIST_FILE = YES;
				INFOPLIST_FILE = SpaceLaunches/Application/Info.plist;
				INFOPLIST_KEY_UIApplicationSupportsIndirectInputEvents = YES;
				INFOPLIST_KEY_UILaunchStoryboardName = LaunchScreen;
				INFOPLIST_KEY_UISupportedInterfaceOrientations = UIInterfaceOrientationPortrait;
				INFOPLIST_KEY_UISupportedInterfaceOrientations_iPad = "UIInterfaceOrientationLandscapeLeft UIInterfaceOrientationLandscapeRight UIInterfaceOrientationPortrait UIInterfaceOrientationPortraitUpsideDown";
				LD_RUNPATH_SEARCH_PATHS = (
					"$(inherited)",
					"@executable_path/Frameworks",
				);
				MARKETING_VERSION = "$(MARKETING_VERSION)";
				PRODUCT_BUNDLE_IDENTIFIER = com.mikhailkosarev.SpaceLaunches;
				PRODUCT_NAME = "$(TARGET_NAME)";
				SUPPORTED_PLATFORMS = "iphoneos iphonesimulator";
				SUPPORTS_MACCATALYST = NO;
				SUPPORTS_MAC_DESIGNED_FOR_IPHONE_IPAD = NO;
				SWIFT_EMIT_LOC_STRINGS = YES;
				SWIFT_VERSION = 5.0;
				TARGETED_DEVICE_FAMILY = 1;
			};
			name = Release;
		};
		74D512842B1604E000126E9E /* Debug */ = {
			isa = XCBuildConfiguration;
			baseConfigurationReference = 08779CBD9F2056641E2FF042 /* Pods-SpaceLaunchesTests.debug.xcconfig */;
			buildSettings = {
				BUNDLE_LOADER = "$(TEST_HOST)";
				CLANG_ENABLE_MODULES = YES;
				CODE_SIGN_STYLE = Automatic;
				CURRENT_PROJECT_VERSION = "$(CURRENT_PROJECT_VERSION)";
				ENABLE_USER_SCRIPT_SANDBOXING = NO;
				GENERATE_INFOPLIST_FILE = YES;
				IPHONEOS_DEPLOYMENT_TARGET = 15.0;
				MARKETING_VERSION = "$(MARKETING_VERSION)";
				PRODUCT_BUNDLE_IDENTIFIER = com.mikhailkosarev.SpaceLaunchesTests;
				PRODUCT_NAME = "$(TARGET_NAME)";
				SUPPORTED_PLATFORMS = "iphoneos iphonesimulator";
				SUPPORTS_MACCATALYST = NO;
				SUPPORTS_MAC_DESIGNED_FOR_IPHONE_IPAD = NO;
				SWIFT_EMIT_LOC_STRINGS = NO;
				SWIFT_OPTIMIZATION_LEVEL = "-Onone";
				SWIFT_VERSION = 5.0;
				TARGETED_DEVICE_FAMILY = 1;
				TEST_HOST = "$(BUILT_PRODUCTS_DIR)/SpaceLaunches.app/$(BUNDLE_EXECUTABLE_FOLDER_PATH)/SpaceLaunches";
			};
			name = Debug;
		};
		74D512852B1604E000126E9E /* Release */ = {
			isa = XCBuildConfiguration;
			baseConfigurationReference = 6747844BA8F22DCD84358180 /* Pods-SpaceLaunchesTests.release.xcconfig */;
			buildSettings = {
				BUNDLE_LOADER = "$(TEST_HOST)";
				CLANG_ENABLE_MODULES = YES;
				CODE_SIGN_STYLE = Automatic;
				CURRENT_PROJECT_VERSION = "$(CURRENT_PROJECT_VERSION)";
				ENABLE_USER_SCRIPT_SANDBOXING = NO;
				GENERATE_INFOPLIST_FILE = YES;
				IPHONEOS_DEPLOYMENT_TARGET = 15.0;
				MARKETING_VERSION = "$(MARKETING_VERSION)";
				PRODUCT_BUNDLE_IDENTIFIER = com.mikhailkosarev.SpaceLaunchesTests;
				PRODUCT_NAME = "$(TARGET_NAME)";
				SUPPORTED_PLATFORMS = "iphoneos iphonesimulator";
				SUPPORTS_MACCATALYST = NO;
				SUPPORTS_MAC_DESIGNED_FOR_IPHONE_IPAD = NO;
				SWIFT_EMIT_LOC_STRINGS = NO;
				SWIFT_VERSION = 5.0;
				TARGETED_DEVICE_FAMILY = 1;
				TEST_HOST = "$(BUILT_PRODUCTS_DIR)/SpaceLaunches.app/$(BUNDLE_EXECUTABLE_FOLDER_PATH)/SpaceLaunches";
			};
			name = Release;
		};
/* End XCBuildConfiguration section */

/* Begin XCConfigurationList section */
		7474E00F2B0CA803008AA32B /* Build configuration list for PBXProject "SpaceLaunches" */ = {
			isa = XCConfigurationList;
			buildConfigurations = (
				7474E0262B0CA805008AA32B /* Debug */,
				7474E0272B0CA805008AA32B /* Release */,
			);
			defaultConfigurationIsVisible = 0;
			defaultConfigurationName = Release;
		};
		7474E0282B0CA805008AA32B /* Build configuration list for PBXNativeTarget "SpaceLaunches" */ = {
			isa = XCConfigurationList;
			buildConfigurations = (
				7474E0292B0CA805008AA32B /* Debug */,
				7474E02A2B0CA805008AA32B /* Release */,
			);
			defaultConfigurationIsVisible = 0;
			defaultConfigurationName = Release;
		};
		74D512862B1604E000126E9E /* Build configuration list for PBXNativeTarget "SpaceLaunchesTests" */ = {
			isa = XCConfigurationList;
			buildConfigurations = (
				74D512842B1604E000126E9E /* Debug */,
				74D512852B1604E000126E9E /* Release */,
			);
			defaultConfigurationIsVisible = 0;
			defaultConfigurationName = Release;
		};
/* End XCConfigurationList section */
	};
	rootObject = 7474E00C2B0CA803008AA32B /* Project object */;
}
